// !$*UTF8*$!
{
	archiveVersion = 1;
	classes = {
	};
	objectVersion = 77;
	objects = {

/* Begin PBXBuildFile section */
		C1E5D9732CCA886500B372C9 /* Assets.xcassets in Resources */ = {isa = PBXBuildFile; fileRef = C1E5D96E2CCA886500B372C9 /* Assets.xcassets */; };
		C1E5D9742CCA886500B372C9 /* ContentView.swift in Sources */ = {isa = PBXBuildFile; fileRef = C1E5D96F2CCA886500B372C9 /* ContentView.swift */; };
		C1E5D9762CCA886500B372C9 /* LetsSwiftWidgetApp.swift in Sources */ = {isa = PBXBuildFile; fileRef = C1E5D9712CCA886500B372C9 /* LetsSwiftWidgetApp.swift */; };
		C1E5D9792CCA904800B372C9 /* SharedUserDefaults.swift in Sources */ = {isa = PBXBuildFile; fileRef = C1E5D9782CCA904800B372C9 /* SharedUserDefaults.swift */; };
		C1E5D99B2CCA932A00B372C9 /* WidgetKit.framework in Frameworks */ = {isa = PBXBuildFile; fileRef = C1E5D99A2CCA932A00B372C9 /* WidgetKit.framework */; };
		C1E5D99D2CCA932A00B372C9 /* SwiftUI.framework in Frameworks */ = {isa = PBXBuildFile; fileRef = C1E5D99C2CCA932A00B372C9 /* SwiftUI.framework */; };
		C1E5D9A82CCA932C00B372C9 /* InteractiveWidgetExtension.appex in Embed Foundation Extensions */ = {isa = PBXBuildFile; fileRef = C1E5D9982CCA932A00B372C9 /* InteractiveWidgetExtension.appex */; settings = {ATTRIBUTES = (RemoveHeadersOnCopy, ); }; };
		C1E5D9B22CCA933100B372C9 /* InteractiveWidget.swift in Sources */ = {isa = PBXBuildFile; fileRef = C1E5D9AF2CCA933100B372C9 /* InteractiveWidget.swift */; };
		C1E5D9B32CCA933100B372C9 /* InteractiveWidgetBundle.swift in Sources */ = {isa = PBXBuildFile; fileRef = C1E5D9B02CCA933100B372C9 /* InteractiveWidgetBundle.swift */; };
		C1E5D9B42CCA933100B372C9 /* Assets.xcassets in Resources */ = {isa = PBXBuildFile; fileRef = C1E5D9AD2CCA933100B372C9 /* Assets.xcassets */; };
		C1E5D9B62CCA97A900B372C9 /* SharedUserDefaults.swift in Sources */ = {isa = PBXBuildFile; fileRef = C1E5D9782CCA904800B372C9 /* SharedUserDefaults.swift */; };
/* End PBXBuildFile section */

/* Begin PBXContainerItemProxy section */
		C1E5D9A62CCA932C00B372C9 /* PBXContainerItemProxy */ = {
			isa = PBXContainerItemProxy;
			containerPortal = C1E5D9532CCA884500B372C9 /* Project object */;
			proxyType = 1;
			remoteGlobalIDString = C1E5D9972CCA932A00B372C9;
			remoteInfo = InteractiveWidgetExtension;
		};
/* End PBXContainerItemProxy section */

/* Begin PBXCopyFilesBuildPhase section */
		C1E5D9932CCA92FA00B372C9 /* Embed Foundation Extensions */ = {
			isa = PBXCopyFilesBuildPhase;
			buildActionMask = 2147483647;
			dstPath = "";
			dstSubfolderSpec = 13;
			files = (
				C1E5D9A82CCA932C00B372C9 /* InteractiveWidgetExtension.appex in Embed Foundation Extensions */,
			);
			name = "Embed Foundation Extensions";
			runOnlyForDeploymentPostprocessing = 0;
		};
/* End PBXCopyFilesBuildPhase section */

/* Begin PBXFileReference section */
		C1E5D95B2CCA884500B372C9 /* LetsSwiftWidget.app */ = {isa = PBXFileReference; explicitFileType = wrapper.application; includeInIndex = 0; path = LetsSwiftWidget.app; sourceTree = BUILT_PRODUCTS_DIR; };
		C1E5D96E2CCA886500B372C9 /* Assets.xcassets */ = {isa = PBXFileReference; lastKnownFileType = folder.assetcatalog; path = Assets.xcassets; sourceTree = "<group>"; };
		C1E5D96F2CCA886500B372C9 /* ContentView.swift */ = {isa = PBXFileReference; lastKnownFileType = sourcecode.swift; path = ContentView.swift; sourceTree = "<group>"; };
		C1E5D9712CCA886500B372C9 /* LetsSwiftWidgetApp.swift */ = {isa = PBXFileReference; lastKnownFileType = sourcecode.swift; path = LetsSwiftWidgetApp.swift; sourceTree = "<group>"; };
		C1E5D9772CCA8F8900B372C9 /* LetsSwiftWidget.entitlements */ = {isa = PBXFileReference; lastKnownFileType = text.plist.entitlements; path = LetsSwiftWidget.entitlements; sourceTree = "<group>"; };
		C1E5D9782CCA904800B372C9 /* SharedUserDefaults.swift */ = {isa = PBXFileReference; lastKnownFileType = sourcecode.swift; path = SharedUserDefaults.swift; sourceTree = "<group>"; };
		C1E5D9982CCA932A00B372C9 /* InteractiveWidgetExtension.appex */ = {isa = PBXFileReference; explicitFileType = "wrapper.app-extension"; includeInIndex = 0; path = InteractiveWidgetExtension.appex; sourceTree = BUILT_PRODUCTS_DIR; };
		C1E5D99A2CCA932A00B372C9 /* WidgetKit.framework */ = {isa = PBXFileReference; lastKnownFileType = wrapper.framework; name = WidgetKit.framework; path = System/Library/Frameworks/WidgetKit.framework; sourceTree = SDKROOT; };
		C1E5D99C2CCA932A00B372C9 /* SwiftUI.framework */ = {isa = PBXFileReference; lastKnownFileType = wrapper.framework; name = SwiftUI.framework; path = System/Library/Frameworks/SwiftUI.framework; sourceTree = SDKROOT; };
		C1E5D9AD2CCA933100B372C9 /* Assets.xcassets */ = {isa = PBXFileReference; lastKnownFileType = folder.assetcatalog; path = Assets.xcassets; sourceTree = "<group>"; };
		C1E5D9AE2CCA933100B372C9 /* Info.plist */ = {isa = PBXFileReference; lastKnownFileType = text.plist.xml; path = Info.plist; sourceTree = "<group>"; };
		C1E5D9AF2CCA933100B372C9 /* InteractiveWidget.swift */ = {isa = PBXFileReference; lastKnownFileType = sourcecode.swift; path = InteractiveWidget.swift; sourceTree = "<group>"; };
		C1E5D9B02CCA933100B372C9 /* InteractiveWidgetBundle.swift */ = {isa = PBXFileReference; lastKnownFileType = sourcecode.swift; path = InteractiveWidgetBundle.swift; sourceTree = "<group>"; };
		C1E5D9B72CCA984700B372C9 /* InteractiveWidgetExtension.entitlements */ = {isa = PBXFileReference; lastKnownFileType = text.plist.entitlements; path = InteractiveWidgetExtension.entitlements; sourceTree = "<group>"; };
/* End PBXFileReference section */

/* Begin PBXFrameworksBuildPhase section */
		C1E5D9582CCA884500B372C9 /* Frameworks */ = {
			isa = PBXFrameworksBuildPhase;
			buildActionMask = 2147483647;
			files = (
			);
			runOnlyForDeploymentPostprocessing = 0;
		};
		C1E5D9952CCA932A00B372C9 /* Frameworks */ = {
			isa = PBXFrameworksBuildPhase;
			buildActionMask = 2147483647;
			files = (
				C1E5D99D2CCA932A00B372C9 /* SwiftUI.framework in Frameworks */,
				C1E5D99B2CCA932A00B372C9 /* WidgetKit.framework in Frameworks */,
			);
			runOnlyForDeploymentPostprocessing = 0;
		};
/* End PBXFrameworksBuildPhase section */

/* Begin PBXGroup section */
		C1E5D9522CCA884500B372C9 = {
			isa = PBXGroup;
			children = (
				C1E5D9722CCA886500B372C9 /* LetsSwiftWidget */,
				C1E5D9B12CCA933100B372C9 /* InteractiveWidget */,
				C1E5D9992CCA932A00B372C9 /* Frameworks */,
				C1E5D95C2CCA884500B372C9 /* Products */,
			);
			sourceTree = "<group>";
		};
		C1E5D95C2CCA884500B372C9 /* Products */ = {
			isa = PBXGroup;
			children = (
				C1E5D95B2CCA884500B372C9 /* LetsSwiftWidget.app */,
				C1E5D9982CCA932A00B372C9 /* InteractiveWidgetExtension.appex */,
			);
			name = Products;
			sourceTree = "<group>";
		};
		C1E5D9722CCA886500B372C9 /* LetsSwiftWidget */ = {
			isa = PBXGroup;
			children = (
				C1E5D9712CCA886500B372C9 /* LetsSwiftWidgetApp.swift */,
				C1E5D96F2CCA886500B372C9 /* ContentView.swift */,
				C1E5D9782CCA904800B372C9 /* SharedUserDefaults.swift */,
				C1E5D9772CCA8F8900B372C9 /* LetsSwiftWidget.entitlements */,
				C1E5D96E2CCA886500B372C9 /* Assets.xcassets */,
			);
			path = LetsSwiftWidget;
			sourceTree = "<group>";
		};
		C1E5D9992CCA932A00B372C9 /* Frameworks */ = {
			isa = PBXGroup;
			children = (
				C1E5D99A2CCA932A00B372C9 /* WidgetKit.framework */,
				C1E5D99C2CCA932A00B372C9 /* SwiftUI.framework */,
			);
			name = Frameworks;
			sourceTree = "<group>";
		};
		C1E5D9B12CCA933100B372C9 /* InteractiveWidget */ = {
			isa = PBXGroup;
			children = (
				C1E5D9B02CCA933100B372C9 /* InteractiveWidgetBundle.swift */,
				C1E5D9AF2CCA933100B372C9 /* InteractiveWidget.swift */,
				C1E5D9AE2CCA933100B372C9 /* Info.plist */,
				C1E5D9B72CCA984700B372C9 /* InteractiveWidgetExtension.entitlements */,
				C1E5D9AD2CCA933100B372C9 /* Assets.xcassets */,
			);
			path = InteractiveWidget;
			sourceTree = "<group>";
		};
/* End PBXGroup section */

/* Begin PBXNativeTarget section */
		C1E5D95A2CCA884500B372C9 /* LetsSwiftWidget */ = {
			isa = PBXNativeTarget;
			buildConfigurationList = C1E5D96B2CCA884700B372C9 /* Build configuration list for PBXNativeTarget "LetsSwiftWidget" */;
			buildPhases = (
				C1E5D9572CCA884500B372C9 /* Sources */,
				C1E5D9582CCA884500B372C9 /* Frameworks */,
				C1E5D9592CCA884500B372C9 /* Resources */,
				C1E5D9932CCA92FA00B372C9 /* Embed Foundation Extensions */,
			);
			buildRules = (
			);
			dependencies = (
				C1E5D9A72CCA932C00B372C9 /* PBXTargetDependency */,
			);
			name = LetsSwiftWidget;
			packageProductDependencies = (
			);
			productName = LetsSwiftWidget;
			productReference = C1E5D95B2CCA884500B372C9 /* LetsSwiftWidget.app */;
			productType = "com.apple.product-type.application";
		};
		C1E5D9972CCA932A00B372C9 /* InteractiveWidgetExtension */ = {
			isa = PBXNativeTarget;
			buildConfigurationList = C1E5D9AA2CCA932C00B372C9 /* Build configuration list for PBXNativeTarget "InteractiveWidgetExtension" */;
			buildPhases = (
				C1E5D9942CCA932A00B372C9 /* Sources */,
				C1E5D9952CCA932A00B372C9 /* Frameworks */,
				C1E5D9962CCA932A00B372C9 /* Resources */,
			);
			buildRules = (
			);
			dependencies = (
			);
			name = InteractiveWidgetExtension;
			packageProductDependencies = (
			);
			productName = InteractiveWidgetExtension;
			productReference = C1E5D9982CCA932A00B372C9 /* InteractiveWidgetExtension.appex */;
			productType = "com.apple.product-type.app-extension";
		};
/* End PBXNativeTarget section */

/* Begin PBXProject section */
		C1E5D9532CCA884500B372C9 /* Project object */ = {
			isa = PBXProject;
			attributes = {
				BuildIndependentTargetsInParallel = 1;
				LastSwiftUpdateCheck = 1600;
				LastUpgradeCheck = 1600;
				TargetAttributes = {
					C1E5D95A2CCA884500B372C9 = {
						CreatedOnToolsVersion = 16.0;
					};
					C1E5D9972CCA932A00B372C9 = {
						CreatedOnToolsVersion = 16.0;
					};
				};
			};
			buildConfigurationList = C1E5D9562CCA884500B372C9 /* Build configuration list for PBXProject "LetsSwiftWidget" */;
			developmentRegion = en;
			hasScannedForEncodings = 0;
			knownRegions = (
				en,
				Base,
			);
			mainGroup = C1E5D9522CCA884500B372C9;
			minimizedProjectReferenceProxies = 1;
			preferredProjectObjectVersion = 77;
			productRefGroup = C1E5D95C2CCA884500B372C9 /* Products */;
			projectDirPath = "";
			projectRoot = "";
			targets = (
				C1E5D95A2CCA884500B372C9 /* LetsSwiftWidget */,
				C1E5D9972CCA932A00B372C9 /* InteractiveWidgetExtension */,
			);
		};
/* End PBXProject section */

/* Begin PBXResourcesBuildPhase section */
		C1E5D9592CCA884500B372C9 /* Resources */ = {
			isa = PBXResourcesBuildPhase;
			buildActionMask = 2147483647;
			files = (
				C1E5D9732CCA886500B372C9 /* Assets.xcassets in Resources */,
			);
			runOnlyForDeploymentPostprocessing = 0;
		};
		C1E5D9962CCA932A00B372C9 /* Resources */ = {
			isa = PBXResourcesBuildPhase;
			buildActionMask = 2147483647;
			files = (
				C1E5D9B42CCA933100B372C9 /* Assets.xcassets in Resources */,
			);
			runOnlyForDeploymentPostprocessing = 0;
		};
/* End PBXResourcesBuildPhase section */

/* Begin PBXSourcesBuildPhase section */
		C1E5D9572CCA884500B372C9 /* Sources */ = {
			isa = PBXSourcesBuildPhase;
			buildActionMask = 2147483647;
			files = (
				C1E5D9742CCA886500B372C9 /* ContentView.swift in Sources */,
				C1E5D9762CCA886500B372C9 /* LetsSwiftWidgetApp.swift in Sources */,
				C1E5D9792CCA904800B372C9 /* SharedUserDefaults.swift in Sources */,
			);
			runOnlyForDeploymentPostprocessing = 0;
		};
		C1E5D9942CCA932A00B372C9 /* Sources */ = {
			isa = PBXSourcesBuildPhase;
			buildActionMask = 2147483647;
			files = (
				C1E5D9B22CCA933100B372C9 /* InteractiveWidget.swift in Sources */,
				C1E5D9B62CCA97A900B372C9 /* SharedUserDefaults.swift in Sources */,
				C1E5D9B32CCA933100B372C9 /* InteractiveWidgetBundle.swift in Sources */,
			);
			runOnlyForDeploymentPostprocessing = 0;
		};
/* End PBXSourcesBuildPhase section */

/* Begin PBXTargetDependency section */
		C1E5D9A72CCA932C00B372C9 /* PBXTargetDependency */ = {
			isa = PBXTargetDependency;
			target = C1E5D9972CCA932A00B372C9 /* InteractiveWidgetExtension */;
			targetProxy = C1E5D9A62CCA932C00B372C9 /* PBXContainerItemProxy */;
		};
/* End PBXTargetDependency section */

/* Begin XCBuildConfiguration section */
		C1E5D9692CCA884700B372C9 /* Debug */ = {
			isa = XCBuildConfiguration;
			buildSettings = {
				ALWAYS_SEARCH_USER_PATHS = NO;
				ASSETCATALOG_COMPILER_GENERATE_SWIFT_ASSET_SYMBOL_EXTENSIONS = YES;
				CLANG_ANALYZER_NONNULL = YES;
				CLANG_ANALYZER_NUMBER_OBJECT_CONVERSION = YES_AGGRESSIVE;
				CLANG_CXX_LANGUAGE_STANDARD = "gnu++20";
				CLANG_ENABLE_MODULES = YES;
				CLANG_ENABLE_OBJC_ARC = YES;
				CLANG_ENABLE_OBJC_WEAK = YES;
				CLANG_WARN_BLOCK_CAPTURE_AUTORELEASING = YES;
				CLANG_WARN_BOOL_CONVERSION = YES;
				CLANG_WARN_COMMA = YES;
				CLANG_WARN_CONSTANT_CONVERSION = YES;
				CLANG_WARN_DEPRECATED_OBJC_IMPLEMENTATIONS = YES;
				CLANG_WARN_DIRECT_OBJC_ISA_USAGE = YES_ERROR;
				CLANG_WARN_DOCUMENTATION_COMMENTS = YES;
				CLANG_WARN_EMPTY_BODY = YES;
				CLANG_WARN_ENUM_CONVERSION = YES;
				CLANG_WARN_INFINITE_RECURSION = YES;
				CLANG_WARN_INT_CONVERSION = YES;
				CLANG_WARN_NON_LITERAL_NULL_CONVERSION = YES;
				CLANG_WARN_OBJC_IMPLICIT_RETAIN_SELF = YES;
				CLANG_WARN_OBJC_LITERAL_CONVERSION = YES;
				CLANG_WARN_OBJC_ROOT_CLASS = YES_ERROR;
				CLANG_WARN_QUOTED_INCLUDE_IN_FRAMEWORK_HEADER = YES;
				CLANG_WARN_RANGE_LOOP_ANALYSIS = YES;
				CLANG_WARN_STRICT_PROTOTYPES = YES;
				CLANG_WARN_SUSPICIOUS_MOVE = YES;
				CLANG_WARN_UNGUARDED_AVAILABILITY = YES_AGGRESSIVE;
				CLANG_WARN_UNREACHABLE_CODE = YES;
				CLANG_WARN__DUPLICATE_METHOD_MATCH = YES;
				COPY_PHASE_STRIP = NO;
				DEBUG_INFORMATION_FORMAT = dwarf;
				ENABLE_STRICT_OBJC_MSGSEND = YES;
				ENABLE_TESTABILITY = YES;
				ENABLE_USER_SCRIPT_SANDBOXING = YES;
				GCC_C_LANGUAGE_STANDARD = gnu17;
				GCC_DYNAMIC_NO_PIC = NO;
				GCC_NO_COMMON_BLOCKS = YES;
				GCC_OPTIMIZATION_LEVEL = 0;
				GCC_PREPROCESSOR_DEFINITIONS = (
					"DEBUG=1",
					"$(inherited)",
				);
				GCC_WARN_64_TO_32_BIT_CONVERSION = YES;
				GCC_WARN_ABOUT_RETURN_TYPE = YES_ERROR;
				GCC_WARN_UNDECLARED_SELECTOR = YES;
				GCC_WARN_UNINITIALIZED_AUTOS = YES_AGGRESSIVE;
				GCC_WARN_UNUSED_FUNCTION = YES;
				GCC_WARN_UNUSED_VARIABLE = YES;
				IPHONEOS_DEPLOYMENT_TARGET = 18.0;
				LOCALIZATION_PREFERS_STRING_CATALOGS = YES;
				MTL_ENABLE_DEBUG_INFO = INCLUDE_SOURCE;
				MTL_FAST_MATH = YES;
				ONLY_ACTIVE_ARCH = YES;
				SDKROOT = iphoneos;
				SWIFT_ACTIVE_COMPILATION_CONDITIONS = "DEBUG $(inherited)";
				SWIFT_OPTIMIZATION_LEVEL = "-Onone";
			};
			name = Debug;
		};
		C1E5D96A2CCA884700B372C9 /* Release */ = {
			isa = XCBuildConfiguration;
			buildSettings = {
				ALWAYS_SEARCH_USER_PATHS = NO;
				ASSETCATALOG_COMPILER_GENERATE_SWIFT_ASSET_SYMBOL_EXTENSIONS = YES;
				CLANG_ANALYZER_NONNULL = YES;
				CLANG_ANALYZER_NUMBER_OBJECT_CONVERSION = YES_AGGRESSIVE;
				CLANG_CXX_LANGUAGE_STANDARD = "gnu++20";
				CLANG_ENABLE_MODULES = YES;
				CLANG_ENABLE_OBJC_ARC = YES;
				CLANG_ENABLE_OBJC_WEAK = YES;
				CLANG_WARN_BLOCK_CAPTURE_AUTORELEASING = YES;
				CLANG_WARN_BOOL_CONVERSION = YES;
				CLANG_WARN_COMMA = YES;
				CLANG_WARN_CONSTANT_CONVERSION = YES;
				CLANG_WARN_DEPRECATED_OBJC_IMPLEMENTATIONS = YES;
				CLANG_WARN_DIRECT_OBJC_ISA_USAGE = YES_ERROR;
				CLANG_WARN_DOCUMENTATION_COMMENTS = YES;
				CLANG_WARN_EMPTY_BODY = YES;
				CLANG_WARN_ENUM_CONVERSION = YES;
				CLANG_WARN_INFINITE_RECURSION = YES;
				CLANG_WARN_INT_CONVERSION = YES;
				CLANG_WARN_NON_LITERAL_NULL_CONVERSION = YES;
				CLANG_WARN_OBJC_IMPLICIT_RETAIN_SELF = YES;
				CLANG_WARN_OBJC_LITERAL_CONVERSION = YES;
				CLANG_WARN_OBJC_ROOT_CLASS = YES_ERROR;
				CLANG_WARN_QUOTED_INCLUDE_IN_FRAMEWORK_HEADER = YES;
				CLANG_WARN_RANGE_LOOP_ANALYSIS = YES;
				CLANG_WARN_STRICT_PROTOTYPES = YES;
				CLANG_WARN_SUSPICIOUS_MOVE = YES;
				CLANG_WARN_UNGUARDED_AVAILABILITY = YES_AGGRESSIVE;
				CLANG_WARN_UNREACHABLE_CODE = YES;
				CLANG_WARN__DUPLICATE_METHOD_MATCH = YES;
				COPY_PHASE_STRIP = NO;
				DEBUG_INFORMATION_FORMAT = "dwarf-with-dsym";
				ENABLE_NS_ASSERTIONS = NO;
				ENABLE_STRICT_OBJC_MSGSEND = YES;
				ENABLE_USER_SCRIPT_SANDBOXING = YES;
				GCC_C_LANGUAGE_STANDARD = gnu17;
				GCC_NO_COMMON_BLOCKS = YES;
				GCC_WARN_64_TO_32_BIT_CONVERSION = YES;
				GCC_WARN_ABOUT_RETURN_TYPE = YES_ERROR;
				GCC_WARN_UNDECLARED_SELECTOR = YES;
				GCC_WARN_UNINITIALIZED_AUTOS = YES_AGGRESSIVE;
				GCC_WARN_UNUSED_FUNCTION = YES;
				GCC_WARN_UNUSED_VARIABLE = YES;
				IPHONEOS_DEPLOYMENT_TARGET = 18.0;
				LOCALIZATION_PREFERS_STRING_CATALOGS = YES;
				MTL_ENABLE_DEBUG_INFO = NO;
				MTL_FAST_MATH = YES;
				SDKROOT = iphoneos;
				SWIFT_COMPILATION_MODE = wholemodule;
				VALIDATE_PRODUCT = YES;
			};
			name = Release;
		};
		C1E5D96C2CCA884700B372C9 /* Debug */ = {
			isa = XCBuildConfiguration;
			buildSettings = {
				ASSETCATALOG_COMPILER_APPICON_NAME = AppIcon;
				ASSETCATALOG_COMPILER_GLOBAL_ACCENT_COLOR_NAME = AccentColor;
				CODE_SIGN_ENTITLEMENTS = LetsSwiftWidget/LetsSwiftWidget.entitlements;
				CODE_SIGN_STYLE = Automatic;
				CURRENT_PROJECT_VERSION = 1;
				DEVELOPMENT_ASSET_PATHS = "";
				DEVELOPMENT_TEAM = A5LBYGCGKX;
				ENABLE_PREVIEWS = YES;
				GENERATE_INFOPLIST_FILE = YES;
				INFOPLIST_KEY_UIApplicationSceneManifest_Generation = YES;
				INFOPLIST_KEY_UIApplicationSupportsIndirectInputEvents = YES;
				INFOPLIST_KEY_UILaunchScreen_Generation = YES;
				INFOPLIST_KEY_UISupportedInterfaceOrientations_iPad = "UIInterfaceOrientationPortrait UIInterfaceOrientationPortraitUpsideDown UIInterfaceOrientationLandscapeLeft UIInterfaceOrientationLandscapeRight";
				INFOPLIST_KEY_UISupportedInterfaceOrientations_iPhone = "UIInterfaceOrientationPortrait UIInterfaceOrientationLandscapeLeft UIInterfaceOrientationLandscapeRight";
				IPHONEOS_DEPLOYMENT_TARGET = 17.0;
				LD_RUNPATH_SEARCH_PATHS = (
					"$(inherited)",
					"@executable_path/Frameworks",
				);
				MARKETING_VERSION = 1.0;
				PRODUCT_BUNDLE_IDENTIFIER = "com.github.Jager-yoo.LetsSwiftWidget";
				PRODUCT_NAME = "$(TARGET_NAME)";
				SWIFT_EMIT_LOC_STRINGS = YES;
				SWIFT_VERSION = 5.0;
				TARGETED_DEVICE_FAMILY = "1,2";
			};
			name = Debug;
		};
		C1E5D96D2CCA884700B372C9 /* Release */ = {
			isa = XCBuildConfiguration;
			buildSettings = {
				ASSETCATALOG_COMPILER_APPICON_NAME = AppIcon;
				ASSETCATALOG_COMPILER_GLOBAL_ACCENT_COLOR_NAME = AccentColor;
				CODE_SIGN_ENTITLEMENTS = LetsSwiftWidget/LetsSwiftWidget.entitlements;
				CODE_SIGN_STYLE = Automatic;
				CURRENT_PROJECT_VERSION = 1;
				DEVELOPMENT_ASSET_PATHS = "";
				DEVELOPMENT_TEAM = A5LBYGCGKX;
				ENABLE_PREVIEWS = YES;
				GENERATE_INFOPLIST_FILE = YES;
				INFOPLIST_KEY_UIApplicationSceneManifest_Generation = YES;
				INFOPLIST_KEY_UIApplicationSupportsIndirectInputEvents = YES;
				INFOPLIST_KEY_UILaunchScreen_Generation = YES;
				INFOPLIST_KEY_UISupportedInterfaceOrientations_iPad = "UIInterfaceOrientationPortrait UIInterfaceOrientationPortraitUpsideDown UIInterfaceOrientationLandscapeLeft UIInterfaceOrientationLandscapeRight";
				INFOPLIST_KEY_UISupportedInterfaceOrientations_iPhone = "UIInterfaceOrientationPortrait UIInterfaceOrientationLandscapeLeft UIInterfaceOrientationLandscapeRight";
				IPHONEOS_DEPLOYMENT_TARGET = 17.0;
				LD_RUNPATH_SEARCH_PATHS = (
					"$(inherited)",
					"@executable_path/Frameworks",
				);
				MARKETING_VERSION = 1.0;
				PRODUCT_BUNDLE_IDENTIFIER = "com.github.Jager-yoo.LetsSwiftWidget";
				PRODUCT_NAME = "$(TARGET_NAME)";
				SWIFT_EMIT_LOC_STRINGS = YES;
				SWIFT_VERSION = 5.0;
				TARGETED_DEVICE_FAMILY = "1,2";
			};
			name = Release;
		};
		C1E5D9AB2CCA932C00B372C9 /* Debug */ = {
			isa = XCBuildConfiguration;
			buildSettings = {
				ASSETCATALOG_COMPILER_GLOBAL_ACCENT_COLOR_NAME = AccentColor;
				ASSETCATALOG_COMPILER_WIDGET_BACKGROUND_COLOR_NAME = WidgetBackground;
				CODE_SIGN_ENTITLEMENTS = InteractiveWidget/InteractiveWidgetExtension.entitlements;
				CODE_SIGN_STYLE = Automatic;
				CURRENT_PROJECT_VERSION = 1;
				DEVELOPMENT_TEAM = A5LBYGCGKX;
				GENERATE_INFOPLIST_FILE = YES;
				INFOPLIST_FILE = InteractiveWidget/Info.plist;
				INFOPLIST_KEY_CFBundleDisplayName = InteractiveWidget;
				INFOPLIST_KEY_NSHumanReadableCopyright = "";
				LD_RUNPATH_SEARCH_PATHS = (
					"$(inherited)",
					"@executable_path/Frameworks",
					"@executable_path/../../Frameworks",
				);
				MARKETING_VERSION = 1.0;
				PRODUCT_BUNDLE_IDENTIFIER = "com.github.Jager-yoo.LetsSwiftWidget.InteractiveWidget";
				PRODUCT_NAME = "$(TARGET_NAME)";
				SKIP_INSTALL = YES;
				SWIFT_EMIT_LOC_STRINGS = YES;
				SWIFT_VERSION = 5.0;
				TARGETED_DEVICE_FAMILY = "1,2";
			};
			name = Debug;
		};
		C1E5D9AC2CCA932C00B372C9 /* Release */ = {
			isa = XCBuildConfiguration;
			buildSettings = {
				ASSETCATALOG_COMPILER_GLOBAL_ACCENT_COLOR_NAME = AccentColor;
				ASSETCATALOG_COMPILER_WIDGET_BACKGROUND_COLOR_NAME = WidgetBackground;
				CODE_SIGN_ENTITLEMENTS = InteractiveWidget/InteractiveWidgetExtension.entitlements;
				CODE_SIGN_STYLE = Automatic;
				CURRENT_PROJECT_VERSION = 1;
				DEVELOPMENT_TEAM = A5LBYGCGKX;
				GENERATE_INFOPLIST_FILE = YES;
				INFOPLIST_FILE = InteractiveWidget/Info.plist;
				INFOPLIST_KEY_CFBundleDisplayName = InteractiveWidget;
				INFOPLIST_KEY_NSHumanReadableCopyright = "";
				LD_RUNPATH_SEARCH_PATHS = (
					"$(inherited)",
					"@executable_path/Frameworks",
					"@executable_path/../../Frameworks",
				);
				MARKETING_VERSION = 1.0;
				PRODUCT_BUNDLE_IDENTIFIER = "com.github.Jager-yoo.LetsSwiftWidget.InteractiveWidget";
				PRODUCT_NAME = "$(TARGET_NAME)";
				SKIP_INSTALL = YES;
				SWIFT_EMIT_LOC_STRINGS = YES;
				SWIFT_VERSION = 5.0;
				TARGETED_DEVICE_FAMILY = "1,2";
			};
			name = Release;
		};
/* End XCBuildConfiguration section */

/* Begin XCConfigurationList section */
		C1E5D9562CCA884500B372C9 /* Build configuration list for PBXProject "LetsSwiftWidget" */ = {
			isa = XCConfigurationList;
			buildConfigurations = (
				C1E5D9692CCA884700B372C9 /* Debug */,
				C1E5D96A2CCA884700B372C9 /* Release */,
			);
			defaultConfigurationIsVisible = 0;
			defaultConfigurationName = Release;
		};
		C1E5D96B2CCA884700B372C9 /* Build configuration list for PBXNativeTarget "LetsSwiftWidget" */ = {
			isa = XCConfigurationList;
			buildConfigurations = (
				C1E5D96C2CCA884700B372C9 /* Debug */,
				C1E5D96D2CCA884700B372C9 /* Release */,
			);
			defaultConfigurationIsVisible = 0;
			defaultConfigurationName = Release;
		};
		C1E5D9AA2CCA932C00B372C9 /* Build configuration list for PBXNativeTarget "InteractiveWidgetExtension" */ = {
			isa = XCConfigurationList;
			buildConfigurations = (
				C1E5D9AB2CCA932C00B372C9 /* Debug */,
				C1E5D9AC2CCA932C00B372C9 /* Release */,
			);
			defaultConfigurationIsVisible = 0;
			defaultConfigurationName = Release;
		};
/* End XCConfigurationList section */
	};
	rootObject = C1E5D9532CCA884500B372C9 /* Project object */;
}
